
Microsoft Visual Studio Solution File, Format Version 12.00
# Visual Studio Version 17
VisualStudioVersion = 17.5.002.0
MinimumVisualStudioVersion = 10.0.40219.1
Project("{9A19103F-16F7-4668-BE54-9A1E7A4F7556}") = "BookStoreApi", "BookStoreApi.csproj", "{EC618C5C-D935-48E6-A91B-790DDF4CD9F8}"
EndProject
Global
	GlobalSection(SolutionConfigurationPlatforms) = preSolution
		Debug|Any CPU = Debug|Any CPU
		Release|Any CPU = Release|Any CPU
	EndGlobalSection
	GlobalSection(ProjectConfigurationPlatforms) = postSolution
		{EC618C5C-D935-48E6-A91B-790DDF4CD9F8}.Debug|Any CPU.ActiveCfg = Debug|Any CPU
		{EC618C5C-D935-48E6-A91B-790DDF4CD9F8}.Debug|Any CPU.Build.0 = Debug|Any CPU
		{EC618C5C-D935-48E6-A91B-790DDF4CD9F8}.Release|Any CPU.ActiveCfg = Release|Any CPU
		{EC618C5C-D935-48E6-A91B-790DDF4CD9F8}.Release|Any CPU.Build.0 = Release|Any CPU
	EndGlobalSection
	GlobalSection(SolutionProperties) = preSolution
		HideSolutionNode = FALSE
	EndGlobalSection
	GlobalSection(ExtensibilityGlobals) = postSolution
		SolutionGuid = {0C2CD81F-4B43-4069-97E9-FCC0E03C3509}
	EndGlobalSection
EndGlobal
